
Microsoft Visual Studio Solution File, Format Version 12.00
# Visual Studio Version 17
VisualStudioVersion = 17.10.35013.160
MinimumVisualStudioVersion = 10.0.40219.1
Project("{FAE04EC0-301F-11D3-BF4B-00C04F79EFBC}") = "POOeEstruturaRepeticao", "POOeEstruturaRepeticao\POOeEstruturaRepeticao.csproj", "{4241F065-9A79-4520-9A92-DB322B745D54}"
EndProject
Global
	GlobalSection(SolutionConfigurationPlatforms) = preSolution
		Debug|Any CPU = Debug|Any CPU
		Release|Any CPU = Release|Any CPU
	EndGlobalSection
	GlobalSection(ProjectConfigurationPlatforms) = postSolution
		{4241F065-9A79-4520-9A92-DB322B745D54}.Debug|Any CPU.ActiveCfg = Debug|Any CPU
		{4241F065-9A79-4520-9A92-DB322B745D54}.Debug|Any CPU.Build.0 = Debug|Any CPU
		{4241F065-9A79-4520-9A92-DB322B745D54}.Release|Any CPU.ActiveCfg = Release|Any CPU
		{4241F065-9A79-4520-9A92-DB322B745D54}.Release|Any CPU.Build.0 = Release|Any CPU
	EndGlobalSection
	GlobalSection(SolutionProperties) = preSolution
		HideSolutionNode = FALSE
	EndGlobalSection
	GlobalSection(ExtensibilityGlobals) = postSolution
		SolutionGuid = {9C6E7207-7E86-4909-8E9C-5F4C8B1824D3}
	EndGlobalSection
EndGlobal
